
Microsoft Visual Studio Solution File, Format Version 12.00
# Visual Studio Version 17
VisualStudioVersion = 17.11.35208.52
MinimumVisualStudioVersion = 10.0.40219.1
Project("{FAE04EC0-301F-11D3-BF4B-00C04F79EFBC}") = "StockHub.Web", "StockHub.Web\StockHub.Web.csproj", "{C36620FE-F836-4F72-8365-8EECAA8BB4EF}"
EndProject
Global
	GlobalSection(SolutionConfigurationPlatforms) = preSolution
		Debug|Any CPU = Debug|Any CPU
		Release|Any CPU = Release|Any CPU
	EndGlobalSection
	GlobalSection(ProjectConfigurationPlatforms) = postSolution
		{C36620FE-F836-4F72-8365-8EECAA8BB4EF}.Debug|Any CPU.ActiveCfg = Debug|Any CPU
		{C36620FE-F836-4F72-8365-8EECAA8BB4EF}.Debug|Any CPU.Build.0 = Debug|Any CPU
		{C36620FE-F836-4F72-8365-8EECAA8BB4EF}.Release|Any CPU.ActiveCfg = Release|Any CPU
		{C36620FE-F836-4F72-8365-8EECAA8BB4EF}.Release|Any CPU.Build.0 = Release|Any CPU
	EndGlobalSection
	GlobalSection(SolutionProperties) = preSolution
		HideSolutionNode = FALSE
	EndGlobalSection
	GlobalSection(ExtensibilityGlobals) = postSolution
		SolutionGuid = {9DE153A1-E6B4-4F70-BEFE-6269B7BCF09C}
	EndGlobalSection
EndGlobal
